
Microsoft Visual Studio Solution File, Format Version 12.00
# Visual Studio Version 16
VisualStudioVersion = 16.0.30804.86
MinimumVisualStudioVersion = 10.0.40219.1
Project("{FAE04EC0-301F-11D3-BF4B-00C04F79EFBC}") = "GithubTest", "GithubTest\GithubTest.csproj", "{97A9D268-B850-419F-BBB5-69E55E2FC2CE}"
EndProject
Global
	GlobalSection(SolutionConfigurationPlatforms) = preSolution
		Debug|Any CPU = Debug|Any CPU
		Release|Any CPU = Release|Any CPU
	EndGlobalSection
	GlobalSection(ProjectConfigurationPlatforms) = postSolution
		{97A9D268-B850-419F-BBB5-69E55E2FC2CE}.Debug|Any CPU.ActiveCfg = Debug|Any CPU
		{97A9D268-B850-419F-BBB5-69E55E2FC2CE}.Debug|Any CPU.Build.0 = Debug|Any CPU
		{97A9D268-B850-419F-BBB5-69E55E2FC2CE}.Release|Any CPU.ActiveCfg = Release|Any CPU
		{97A9D268-B850-419F-BBB5-69E55E2FC2CE}.Release|Any CPU.Build.0 = Release|Any CPU
	EndGlobalSection
	GlobalSection(SolutionProperties) = preSolution
		HideSolutionNode = FALSE
	EndGlobalSection
	GlobalSection(ExtensibilityGlobals) = postSolution
		SolutionGuid = {477E0799-C33C-4BF2-B625-2D1927A943C8}
	EndGlobalSection
EndGlobal
